// !$*UTF8*$!
{
	archiveVersion = 1;
	classes = {
	};
	objectVersion = 50;
	objects = {

/* Begin PBXBuildFile section */
		03AED0CE21615F84008ADBC6 /* AppDelegate.swift in Sources */ = {isa = PBXBuildFile; fileRef = 03AED0CD21615F84008ADBC6 /* AppDelegate.swift */; };
		03AED0D021615F84008ADBC6 /* SearchViewController.swift in Sources */ = {isa = PBXBuildFile; fileRef = 03AED0CF21615F84008ADBC6 /* SearchViewController.swift */; };
		03AED0D321615F84008ADBC6 /* Main.storyboard in Resources */ = {isa = PBXBuildFile; fileRef = 03AED0D121615F84008ADBC6 /* Main.storyboard */; };
		03AED0D521615F84008ADBC6 /* Assets.xcassets in Resources */ = {isa = PBXBuildFile; fileRef = 03AED0D421615F84008ADBC6 /* Assets.xcassets */; };
		03AED0D821615F84008ADBC6 /* LaunchScreen.storyboard in Resources */ = {isa = PBXBuildFile; fileRef = 03AED0D621615F84008ADBC6 /* LaunchScreen.storyboard */; };
		03AED0E0216169D0008ADBC6 /* SearchResult.swift in Sources */ = {isa = PBXBuildFile; fileRef = 03AED0DF216169D0008ADBC6 /* SearchResult.swift */; };
		03AED0E221616E8B008ADBC6 /* SearchResultCell.xib in Resources */ = {isa = PBXBuildFile; fileRef = 03AED0E121616E8B008ADBC6 /* SearchResultCell.xib */; };
		03AED0E42161718B008ADBC6 /* SearchResultCell.swift in Sources */ = {isa = PBXBuildFile; fileRef = 03AED0E32161718B008ADBC6 /* SearchResultCell.swift */; };
		03AED0E6216173E1008ADBC6 /* Identifier.swift in Sources */ = {isa = PBXBuildFile; fileRef = 03AED0E5216173E1008ADBC6 /* Identifier.swift */; };
		03AED0E8216174D9008ADBC6 /* NoResultCell.xib in Resources */ = {isa = PBXBuildFile; fileRef = 03AED0E7216174D9008ADBC6 /* NoResultCell.xib */; };
		03AED0EF2161B3E4008ADBC6 /* LoadingCell.xib in Resources */ = {isa = PBXBuildFile; fileRef = 03AED0EE2161B3E4008ADBC6 /* LoadingCell.xib */; };
/* End PBXBuildFile section */

/* Begin PBXFileReference section */
		03AED0CA21615F84008ADBC6 /* store-search.app */ = {isa = PBXFileReference; explicitFileType = wrapper.application; includeInIndex = 0; path = "store-search.app"; sourceTree = BUILT_PRODUCTS_DIR; };
		03AED0CD21615F84008ADBC6 /* AppDelegate.swift */ = {isa = PBXFileReference; lastKnownFileType = sourcecode.swift; path = AppDelegate.swift; sourceTree = "<group>"; };
		03AED0CF21615F84008ADBC6 /* SearchViewController.swift */ = {isa = PBXFileReference; lastKnownFileType = sourcecode.swift; path = SearchViewController.swift; sourceTree = "<group>"; };
		03AED0D221615F84008ADBC6 /* Base */ = {isa = PBXFileReference; lastKnownFileType = file.storyboard; name = Base; path = Base.lproj/Main.storyboard; sourceTree = "<group>"; };
		03AED0D421615F84008ADBC6 /* Assets.xcassets */ = {isa = PBXFileReference; lastKnownFileType = folder.assetcatalog; path = Assets.xcassets; sourceTree = "<group>"; };
		03AED0D721615F84008ADBC6 /* Base */ = {isa = PBXFileReference; lastKnownFileType = file.storyboard; name = Base; path = Base.lproj/LaunchScreen.storyboard; sourceTree = "<group>"; };
		03AED0D921615F84008ADBC6 /* Info.plist */ = {isa = PBXFileReference; lastKnownFileType = text.plist.xml; path = Info.plist; sourceTree = "<group>"; };
		03AED0DF216169D0008ADBC6 /* SearchResult.swift */ = {isa = PBXFileReference; lastKnownFileType = sourcecode.swift; path = SearchResult.swift; sourceTree = "<group>"; };
		03AED0E121616E8B008ADBC6 /* SearchResultCell.xib */ = {isa = PBXFileReference; lastKnownFileType = file.xib; path = SearchResultCell.xib; sourceTree = "<group>"; };
		03AED0E32161718B008ADBC6 /* SearchResultCell.swift */ = {isa = PBXFileReference; lastKnownFileType = sourcecode.swift; path = SearchResultCell.swift; sourceTree = "<group>"; };
		03AED0E5216173E1008ADBC6 /* Identifier.swift */ = {isa = PBXFileReference; lastKnownFileType = sourcecode.swift; path = Identifier.swift; sourceTree = "<group>"; };
		03AED0E7216174D9008ADBC6 /* NoResultCell.xib */ = {isa = PBXFileReference; lastKnownFileType = file.xib; path = NoResultCell.xib; sourceTree = "<group>"; };
		03AED0EE2161B3E4008ADBC6 /* LoadingCell.xib */ = {isa = PBXFileReference; lastKnownFileType = file.xib; path = LoadingCell.xib; sourceTree = "<group>"; };
/* End PBXFileReference section */

/* Begin PBXFrameworksBuildPhase section */
		03AED0C721615F84008ADBC6 /* Frameworks */ = {
			isa = PBXFrameworksBuildPhase;
			buildActionMask = 2147483647;
			files = (
			);
			runOnlyForDeploymentPostprocessing = 0;
		};
/* End PBXFrameworksBuildPhase section */

/* Begin PBXGroup section */
		03AED0C121615F83008ADBC6 = {
			isa = PBXGroup;
			children = (
				03AED0CC21615F84008ADBC6 /* store-search */,
				03AED0CB21615F84008ADBC6 /* Products */,
			);
			sourceTree = "<group>";
		};
		03AED0CB21615F84008ADBC6 /* Products */ = {
			isa = PBXGroup;
			children = (
				03AED0CA21615F84008ADBC6 /* store-search.app */,
			);
			name = Products;
			sourceTree = "<group>";
		};
		03AED0CC21615F84008ADBC6 /* store-search */ = {
			isa = PBXGroup;
			children = (
				03AED0EA21617A26008ADBC6 /* Models */,
				03AED0EB21617A2F008ADBC6 /* Views */,
				03AED0E921617A1F008ADBC6 /* Controllers */,
				03AED0EC21617A56008ADBC6 /* Storyboards */,
				03AED0ED21617A70008ADBC6 /* Enums */,
				03AED0CD21615F84008ADBC6 /* AppDelegate.swift */,
				03AED0D421615F84008ADBC6 /* Assets.xcassets */,
				03AED0D921615F84008ADBC6 /* Info.plist */,
			);
			path = "store-search";
			sourceTree = "<group>";
		};
		03AED0E921617A1F008ADBC6 /* Controllers */ = {
			isa = PBXGroup;
			children = (
				03AED0CF21615F84008ADBC6 /* SearchViewController.swift */,
			);
			path = Controllers;
			sourceTree = "<group>";
		};
		03AED0EA21617A26008ADBC6 /* Models */ = {
			isa = PBXGroup;
			children = (
				03AED0DF216169D0008ADBC6 /* SearchResult.swift */,
			);
			path = Models;
			sourceTree = "<group>";
		};
		03AED0EB21617A2F008ADBC6 /* Views */ = {
			isa = PBXGroup;
			children = (
				03AED0E32161718B008ADBC6 /* SearchResultCell.swift */,
				03AED0E121616E8B008ADBC6 /* SearchResultCell.xib */,
				03AED0E7216174D9008ADBC6 /* NoResultCell.xib */,
				03AED0EE2161B3E4008ADBC6 /* LoadingCell.xib */,
			);
			path = Views;
			sourceTree = "<group>";
		};
		03AED0EC21617A56008ADBC6 /* Storyboards */ = {
			isa = PBXGroup;
			children = (
				03AED0D121615F84008ADBC6 /* Main.storyboard */,
				03AED0D621615F84008ADBC6 /* LaunchScreen.storyboard */,
			);
			path = Storyboards;
			sourceTree = "<group>";
		};
		03AED0ED21617A70008ADBC6 /* Enums */ = {
			isa = PBXGroup;
			children = (
				03AED0E5216173E1008ADBC6 /* Identifier.swift */,
			);
			path = Enums;
			sourceTree = "<group>";
		};
/* End PBXGroup section */

/* Begin PBXNativeTarget section */
		03AED0C921615F84008ADBC6 /* store-search */ = {
			isa = PBXNativeTarget;
			buildConfigurationList = 03AED0DC21615F84008ADBC6 /* Build configuration list for PBXNativeTarget "store-search" */;
			buildPhases = (
				03AED0C621615F84008ADBC6 /* Sources */,
				03AED0C721615F84008ADBC6 /* Frameworks */,
				03AED0C821615F84008ADBC6 /* Resources */,
			);
			buildRules = (
			);
			dependencies = (
			);
			name = "store-search";
			productName = "store-search";
			productReference = 03AED0CA21615F84008ADBC6 /* store-search.app */;
			productType = "com.apple.product-type.application";
		};
/* End PBXNativeTarget section */

/* Begin PBXProject section */
		03AED0C221615F83008ADBC6 /* Project object */ = {
			isa = PBXProject;
			attributes = {
				LastSwiftUpdateCheck = 1000;
				LastUpgradeCheck = 1000;
				ORGANIZATIONNAME = "Erika Carlson";
				TargetAttributes = {
					03AED0C921615F84008ADBC6 = {
						CreatedOnToolsVersion = 10.0;
					};
				};
			};
			buildConfigurationList = 03AED0C521615F83008ADBC6 /* Build configuration list for PBXProject "store-search" */;
			compatibilityVersion = "Xcode 9.3";
			developmentRegion = en;
			hasScannedForEncodings = 0;
			knownRegions = (
				en,
				Base,
			);
			mainGroup = 03AED0C121615F83008ADBC6;
			productRefGroup = 03AED0CB21615F84008ADBC6 /* Products */;
			projectDirPath = "";
			projectRoot = "";
			targets = (
				03AED0C921615F84008ADBC6 /* store-search */,
			);
		};
/* End PBXProject section */

/* Begin PBXResourcesBuildPhase section */
		03AED0C821615F84008ADBC6 /* Resources */ = {
			isa = PBXResourcesBuildPhase;
			buildActionMask = 2147483647;
			files = (
				03AED0D821615F84008ADBC6 /* LaunchScreen.storyboard in Resources */,
				03AED0D521615F84008ADBC6 /* Assets.xcassets in Resources */,
				03AED0EF2161B3E4008ADBC6 /* LoadingCell.xib in Resources */,
				03AED0E221616E8B008ADBC6 /* SearchResultCell.xib in Resources */,
				03AED0E8216174D9008ADBC6 /* NoResultCell.xib in Resources */,
				03AED0D321615F84008ADBC6 /* Main.storyboard in Resources */,
			);
			runOnlyForDeploymentPostprocessing = 0;
		};
/* End PBXResourcesBuildPhase section */

/* Begin PBXSourcesBuildPhase section */
		03AED0C621615F84008ADBC6 /* Sources */ = {
			isa = PBXSourcesBuildPhase;
			buildActionMask = 2147483647;
			files = (
				03AED0D021615F84008ADBC6 /* SearchViewController.swift in Sources */,
				03AED0E6216173E1008ADBC6 /* Identifier.swift in Sources */,
				03AED0E0216169D0008ADBC6 /* SearchResult.swift in Sources */,
				03AED0E42161718B008ADBC6 /* SearchResultCell.swift in Sources */,
				03AED0CE21615F84008ADBC6 /* AppDelegate.swift in Sources */,
			);
			runOnlyForDeploymentPostprocessing = 0;
		};
/* End PBXSourcesBuildPhase section */

/* Begin PBXVariantGroup section */
		03AED0D121615F84008ADBC6 /* Main.storyboard */ = {
			isa = PBXVariantGroup;
			children = (
				03AED0D221615F84008ADBC6 /* Base */,
			);
			name = Main.storyboard;
			sourceTree = "<group>";
		};
		03AED0D621615F84008ADBC6 /* LaunchScreen.storyboard */ = {
			isa = PBXVariantGroup;
			children = (
				03AED0D721615F84008ADBC6 /* Base */,
			);
			name = LaunchScreen.storyboard;
			sourceTree = "<group>";
		};
/* End PBXVariantGroup section */

/* Begin XCBuildConfiguration section */
		03AED0DA21615F84008ADBC6 /* Debug */ = {
			isa = XCBuildConfiguration;
			buildSettings = {
				ALWAYS_SEARCH_USER_PATHS = NO;
				CLANG_ANALYZER_NONNULL = YES;
				CLANG_ANALYZER_NUMBER_OBJECT_CONVERSION = YES_AGGRESSIVE;
				CLANG_CXX_LANGUAGE_STANDARD = "gnu++14";
				CLANG_CXX_LIBRARY = "libc++";
				CLANG_ENABLE_MODULES = YES;
				CLANG_ENABLE_OBJC_ARC = YES;
				CLANG_ENABLE_OBJC_WEAK = YES;
				CLANG_WARN_BLOCK_CAPTURE_AUTORELEASING = YES;
				CLANG_WARN_BOOL_CONVERSION = YES;
				CLANG_WARN_COMMA = YES;
				CLANG_WARN_CONSTANT_CONVERSION = YES;
				CLANG_WARN_DEPRECATED_OBJC_IMPLEMENTATIONS = YES;
				CLANG_WARN_DIRECT_OBJC_ISA_USAGE = YES_ERROR;
				CLANG_WARN_DOCUMENTATION_COMMENTS = YES;
				CLANG_WARN_EMPTY_BODY = YES;
				CLANG_WARN_ENUM_CONVERSION = YES;
				CLANG_WARN_INFINITE_RECURSION = YES;
				CLANG_WARN_INT_CONVERSION = YES;
				CLANG_WARN_NON_LITERAL_NULL_CONVERSION = YES;
				CLANG_WARN_OBJC_IMPLICIT_RETAIN_SELF = YES;
				CLANG_WARN_OBJC_LITERAL_CONVERSION = YES;
				CLANG_WARN_OBJC_ROOT_CLASS = YES_ERROR;
				CLANG_WARN_RANGE_LOOP_ANALYSIS = YES;
				CLANG_WARN_STRICT_PROTOTYPES = YES;
				CLANG_WARN_SUSPICIOUS_MOVE = YES;
				CLANG_WARN_UNGUARDED_AVAILABILITY = YES_AGGRESSIVE;
				CLANG_WARN_UNREACHABLE_CODE = YES;
				CLANG_WARN__DUPLICATE_METHOD_MATCH = YES;
				CODE_SIGN_IDENTITY = "iPhone Developer";
				COPY_PHASE_STRIP = NO;
				DEBUG_INFORMATION_FORMAT = dwarf;
				ENABLE_STRICT_OBJC_MSGSEND = YES;
				ENABLE_TESTABILITY = YES;
				GCC_C_LANGUAGE_STANDARD = gnu11;
				GCC_DYNAMIC_NO_PIC = NO;
				GCC_NO_COMMON_BLOCKS = YES;
				GCC_OPTIMIZATION_LEVEL = 0;
				GCC_PREPROCESSOR_DEFINITIONS = (
					"DEBUG=1",
					"$(inherited)",
				);
				GCC_WARN_64_TO_32_BIT_CONVERSION = YES;
				GCC_WARN_ABOUT_RETURN_TYPE = YES_ERROR;
				GCC_WARN_UNDECLARED_SELECTOR = YES;
				GCC_WARN_UNINITIALIZED_AUTOS = YES_AGGRESSIVE;
				GCC_WARN_UNUSED_FUNCTION = YES;
				GCC_WARN_UNUSED_VARIABLE = YES;
				IPHONEOS_DEPLOYMENT_TARGET = 12.0;
				MTL_ENABLE_DEBUG_INFO = INCLUDE_SOURCE;
				MTL_FAST_MATH = YES;
				ONLY_ACTIVE_ARCH = YES;
				SDKROOT = iphoneos;
				SWIFT_ACTIVE_COMPILATION_CONDITIONS = DEBUG;
				SWIFT_OPTIMIZATION_LEVEL = "-Onone";
			};
			name = Debug;
		};
		03AED0DB21615F84008ADBC6 /* Release */ = {
			isa = XCBuildConfiguration;
			buildSettings = {
				ALWAYS_SEARCH_USER_PATHS = NO;
				CLANG_ANALYZER_NONNULL = YES;
				CLANG_ANALYZER_NUMBER_OBJECT_CONVERSION = YES_AGGRESSIVE;
				CLANG_CXX_LANGUAGE_STANDARD = "gnu++14";
				CLANG_CXX_LIBRARY = "libc++";
				CLANG_ENABLE_MODULES = YES;
				CLANG_ENABLE_OBJC_ARC = YES;
				CLANG_ENABLE_OBJC_WEAK = YES;
				CLANG_WARN_BLOCK_CAPTURE_AUTORELEASING = YES;
				CLANG_WARN_BOOL_CONVERSION = YES;
				CLANG_WARN_COMMA = YES;
				CLANG_WARN_CONSTANT_CONVERSION = YES;
				CLANG_WARN_DEPRECATED_OBJC_IMPLEMENTATIONS = YES;
				CLANG_WARN_DIRECT_OBJC_ISA_USAGE = YES_ERROR;
				CLANG_WARN_DOCUMENTATION_COMMENTS = YES;
				CLANG_WARN_EMPTY_BODY = YES;
				CLANG_WARN_ENUM_CONVERSION = YES;
				CLANG_WARN_INFINITE_RECURSION = YES;
				CLANG_WARN_INT_CONVERSION = YES;
				CLANG_WARN_NON_LITERAL_NULL_CONVERSION = YES;
				CLANG_WARN_OBJC_IMPLICIT_RETAIN_SELF = YES;
				CLANG_WARN_OBJC_LITERAL_CONVERSION = YES;
				CLANG_WARN_OBJC_ROOT_CLASS = YES_ERROR;
				CLANG_WARN_RANGE_LOOP_ANALYSIS = YES;
				CLANG_WARN_STRICT_PROTOTYPES = YES;
				CLANG_WARN_SUSPICIOUS_MOVE = YES;
				CLANG_WARN_UNGUARDED_AVAILABILITY = YES_AGGRESSIVE;
				CLANG_WARN_UNREACHABLE_CODE = YES;
				CLANG_WARN__DUPLICATE_METHOD_MATCH = YES;
				CODE_SIGN_IDENTITY = "iPhone Developer";
				COPY_PHASE_STRIP = NO;
				DEBUG_INFORMATION_FORMAT = "dwarf-with-dsym";
				ENABLE_NS_ASSERTIONS = NO;
				ENABLE_STRICT_OBJC_MSGSEND = YES;
				GCC_C_LANGUAGE_STANDARD = gnu11;
				GCC_NO_COMMON_BLOCKS = YES;
				GCC_WARN_64_TO_32_BIT_CONVERSION = YES;
				GCC_WARN_ABOUT_RETURN_TYPE = YES_ERROR;
				GCC_WARN_UNDECLARED_SELECTOR = YES;
				GCC_WARN_UNINITIALIZED_AUTOS = YES_AGGRESSIVE;
				GCC_WARN_UNUSED_FUNCTION = YES;
				GCC_WARN_UNUSED_VARIABLE = YES;
				IPHONEOS_DEPLOYMENT_TARGET = 12.0;
				MTL_ENABLE_DEBUG_INFO = NO;
				MTL_FAST_MATH = YES;
				SDKROOT = iphoneos;
				SWIFT_COMPILATION_MODE = wholemodule;
				SWIFT_OPTIMIZATION_LEVEL = "-O";
				VALIDATE_PRODUCT = YES;
			};
			name = Release;
		};
		03AED0DD21615F84008ADBC6 /* Debug */ = {
			isa = XCBuildConfiguration;
			buildSettings = {
				ASSETCATALOG_COMPILER_APPICON_NAME = AppIcon;
				CODE_SIGN_STYLE = Automatic;
				INFOPLIST_FILE = "store-search/Info.plist";
				LD_RUNPATH_SEARCH_PATHS = (
					"$(inherited)",
					"@executable_path/Frameworks",
				);
				PRODUCT_BUNDLE_IDENTIFIER = "com.detroitlabs.store-search";
				PRODUCT_NAME = "$(TARGET_NAME)";
				SWIFT_VERSION = 4.2;
				TARGETED_DEVICE_FAMILY = "1,2";
			};
			name = Debug;
		};
		03AED0DE21615F84008ADBC6 /* Release */ = {
			isa = XCBuildConfiguration;
			buildSettings = {
				ASSETCATALOG_COMPILER_APPICON_NAME = AppIcon;
				CODE_SIGN_STYLE = Automatic;
				INFOPLIST_FILE = "store-search/Info.plist";
				LD_RUNPATH_SEARCH_PATHS = (
					"$(inherited)",
					"@executable_path/Frameworks",
				);
				PRODUCT_BUNDLE_IDENTIFIER = "com.detroitlabs.store-search";
				PRODUCT_NAME = "$(TARGET_NAME)";
				SWIFT_VERSION = 4.2;
				TARGETED_DEVICE_FAMILY = "1,2";
			};
			name = Release;
		};
/* End XCBuildConfiguration section */

/* Begin XCConfigurationList section */
		03AED0C521615F83008ADBC6 /* Build configuration list for PBXProject "store-search" */ = {
			isa = XCConfigurationList;
			buildConfigurations = (
				03AED0DA21615F84008ADBC6 /* Debug */,
				03AED0DB21615F84008ADBC6 /* Release */,
			);
			defaultConfigurationIsVisible = 0;
			defaultConfigurationName = Release;
		};
		03AED0DC21615F84008ADBC6 /* Build configuration list for PBXNativeTarget "store-search" */ = {
			isa = XCConfigurationList;
			buildConfigurations = (
				03AED0DD21615F84008ADBC6 /* Debug */,
				03AED0DE21615F84008ADBC6 /* Release */,
			);
			defaultConfigurationIsVisible = 0;
			defaultConfigurationName = Release;
		};
/* End XCConfigurationList section */
	};
	rootObject = 03AED0C221615F83008ADBC6 /* Project object */;
}
